{
    "_readme": [
        "This file locks the dependencies of your project to a known state",
        "Read more about it at https://getcomposer.org/doc/01-basic-usage.md#installing-dependencies",
        "This file is @generated automatically"
    ],
    "content-hash": "13d1cbc2a480ff2ba3eaeaafb82ad91d",
    "packages": [
        {
            "name": "enyo/dropzone",
            "version": "v5.9.3",
            "source": {
                "type": "git",
                "url": "https://github.com/dropzone/dropzone-packagist.git",
                "reference": "286b2dc1f1195bd12169e4c9d5f91cfbe46e245f"
            },
            "dist": {
                "type": "zip",
                "url": "https://api.github.com/repos/dropzone/dropzone-packagist/zipball/286b2dc1f1195bd12169e4c9d5f91cfbe46e245f",
                "reference": "286b2dc1f1195bd12169e4c9d5f91cfbe46e245f",
                "shasum": ""
            },
            "type": "library",
            "notification-url": "https://packagist.org/downloads/",
            "license": [
                "MIT"
            ],
            "authors": [
                {
                    "name": "Matias Meno",
                    "email": "m@tias.me",
                    "homepage": "http://www.yesmeno.com"
                }
            ],
            "description": "Handles drag and drop of files for you.",
            "homepage": "http://www.dropzonejs.com",
            "keywords": [
                "drag and drop",
                "dragndrop",
                "file upload",
                "upload"
            ],
            "support": {
                "issues": "https://github.com/dropzone/dropzone-packagist/issues",
                "source": "https://github.com/dropzone/dropzone-packagist/tree/v5.9.3"
            },
            "time": "2021-09-21T17:03:36+00:00"
        },
        {
            "name": "uikit/uikit",
            "version": "v3.10.1",
            "source": {
                "type": "git",
                "url": "https://github.com/uikit/uikit.git",
                "reference": "105b3ca57f500d062e75d7b8d0c0195943031e4f"
            },
            "dist": {
                "type": "zip",
                "url": "https://api.github.com/repos/uikit/uikit/zipball/105b3ca57f500d062e75d7b8d0c0195943031e4f",
                "reference": "105b3ca57f500d062e75d7b8d0c0195943031e4f",
                "shasum": ""
            },
            "type": "library",
            "extra": {
                "branch-alias": {
                    "dev-master": "3.0.x-dev"
                }
            },
            "notification-url": "https://packagist.org/downloads/",
            "license": [
                "MIT"
            ],
            "description": "UIkit is a lightweight and modular front-end framework for developing fast and powerful web interfaces.",
            "homepage": "https://getuikit.com/",
            "support": {
                "issues": "https://github.com/uikit/uikit/issues",
                "source": "https://github.com/uikit/uikit/tree/v3.10.1"
            },
            "funding": [
                {
                    "url": "https://github.com/uikit",
                    "type": "github"
                }
            ],
            "time": "2022-01-19T13:32:03+00:00"
        }
    ],
    "packages-dev": [],
    "aliases": [],
    "minimum-stability": "stable",
    "stability-flags": [],
    "prefer-stable": false,
    "prefer-lowest": false,
    "platform": [],
    "platform-dev": [],
    "plugin-api-version": "2.1.0"
}
